
Microsoft Visual Studio Solution File, Format Version 12.00
# Visual Studio 15
VisualStudioVersion = 15.0.27703.2042
MinimumVisualStudioVersion = 10.0.40219.1
Project("{2150E333-8FDC-42A3-9474-1A3956D46DE8}") = "1.PresentationLayer", "1.PresentationLayer", "{28B9886C-5B92-4E9A-9613-1BC9BF03B881}"
EndProject
Project("{2150E333-8FDC-42A3-9474-1A3956D46DE8}") = "2.DataLayer", "2.DataLayer", "{4B1F9C2F-3760-4D6E-AE17-3E57A917D90C}"
EndProject
Project("{2150E333-8FDC-42A3-9474-1A3956D46DE8}") = "3.ApplicationLayer", "3.ApplicationLayer", "{966FF555-8533-46ED-8F2B-7D97FDA589F1}"
EndProject
Project("{FAE04EC0-301F-11D3-BF4B-00C04F79EFBC}") = "SCM_DataLayer", "SCM_DataLayer\SCM_DataLayer.csproj", "{EFFC95E7-BE11-4C57-95CE-B3B16D21F4DC}"
EndProject
Global
	GlobalSection(SolutionConfigurationPlatforms) = preSolution
		Debug|Any CPU = Debug|Any CPU
		Release|Any CPU = Release|Any CPU
	EndGlobalSection
	GlobalSection(ProjectConfigurationPlatforms) = postSolution
		{EFFC95E7-BE11-4C57-95CE-B3B16D21F4DC}.Debug|Any CPU.ActiveCfg = Debug|Any CPU
		{EFFC95E7-BE11-4C57-95CE-B3B16D21F4DC}.Debug|Any CPU.Build.0 = Debug|Any CPU
		{EFFC95E7-BE11-4C57-95CE-B3B16D21F4DC}.Release|Any CPU.ActiveCfg = Release|Any CPU
		{EFFC95E7-BE11-4C57-95CE-B3B16D21F4DC}.Release|Any CPU.Build.0 = Release|Any CPU
	EndGlobalSection
	GlobalSection(SolutionProperties) = preSolution
		HideSolutionNode = FALSE
	EndGlobalSection
	GlobalSection(NestedProjects) = preSolution
		{EFFC95E7-BE11-4C57-95CE-B3B16D21F4DC} = {4B1F9C2F-3760-4D6E-AE17-3E57A917D90C}
	EndGlobalSection
	GlobalSection(ExtensibilityGlobals) = postSolution
		SolutionGuid = {D6A5500F-F5E4-4790-82F3-7B2D2FB914CB}
	EndGlobalSection
EndGlobal
